{
  "name": "@stackline/ssf",
  "version": "1.0.1",
  "lockfileVersion": 3,
  "requires": true,
  "packages": {
    "": {
      "name": "@stackline/ssf",
      "version": "1.0.1",
      "license": "Apache-2.0",
      "devDependencies": {},
      "engines": {
        "node": ">=0.8"
      }
    }
  }
}
